// !$*UTF8*$!
{
	archiveVersion = 1;
	classes = {
	};
	objectVersion = 56;
	objects = {

/* Begin PBXBuildFile section */
		3C2517B62B77879D00910712 /* RecipeData.swift in Sources */ = {isa = PBXBuildFile; fileRef = 3C2517B52B77879D00910712 /* RecipeData.swift */; };
		3C2517BA2B77919B00910712 /* AppColor.swift in Sources */ = {isa = PBXBuildFile; fileRef = 3C2517B92B77919B00910712 /* AppColor.swift */; };
		3C648EAC2B70EAE400BE9B4C /* CookcademyApp.swift in Sources */ = {isa = PBXBuildFile; fileRef = 3C648EAB2B70EAE400BE9B4C /* CookcademyApp.swift */; };
		3C648EB02B70EAE500BE9B4C /* Assets.xcassets in Resources */ = {isa = PBXBuildFile; fileRef = 3C648EAF2B70EAE500BE9B4C /* Assets.xcassets */; };
		3C648EB32B70EAE500BE9B4C /* Preview Assets.xcassets in Resources */ = {isa = PBXBuildFile; fileRef = 3C648EB22B70EAE500BE9B4C /* Preview Assets.xcassets */; };
		3C648EBA2B70ED6E00BE9B4C /* Recipe.swift in Sources */ = {isa = PBXBuildFile; fileRef = 3C648EB92B70ED6E00BE9B4C /* Recipe.swift */; };
		3CD06F352B78D7D90012803C /* RecipesListView.swift in Sources */ = {isa = PBXBuildFile; fileRef = 3CD06F322B78D7D90012803C /* RecipesListView.swift */; };
		3CD06F362B78D7D90012803C /* RecipeCategoryGridView.swift in Sources */ = {isa = PBXBuildFile; fileRef = 3CD06F332B78D7D90012803C /* RecipeCategoryGridView.swift */; };
		3CD06F372B78D7D90012803C /* RecipeDetailView.swift in Sources */ = {isa = PBXBuildFile; fileRef = 3CD06F342B78D7D90012803C /* RecipeDetailView.swift */; };
		3CD06F3C2B78D9E60012803C /* ModifyRecipeView.swift in Sources */ = {isa = PBXBuildFile; fileRef = 3CD06F3B2B78D9E60012803C /* ModifyRecipeView.swift */; };
/* End PBXBuildFile section */

/* Begin PBXFileReference section */
		3C2517B52B77879D00910712 /* RecipeData.swift */ = {isa = PBXFileReference; lastKnownFileType = sourcecode.swift; path = RecipeData.swift; sourceTree = "<group>"; };
		3C2517B92B77919B00910712 /* AppColor.swift */ = {isa = PBXFileReference; lastKnownFileType = sourcecode.swift; path = AppColor.swift; sourceTree = "<group>"; };
		3C648EA82B70EAE400BE9B4C /* Cookcademy.app */ = {isa = PBXFileReference; explicitFileType = wrapper.application; includeInIndex = 0; path = Cookcademy.app; sourceTree = BUILT_PRODUCTS_DIR; };
		3C648EAB2B70EAE400BE9B4C /* CookcademyApp.swift */ = {isa = PBXFileReference; lastKnownFileType = sourcecode.swift; path = CookcademyApp.swift; sourceTree = "<group>"; };
		3C648EAF2B70EAE500BE9B4C /* Assets.xcassets */ = {isa = PBXFileReference; lastKnownFileType = folder.assetcatalog; path = Assets.xcassets; sourceTree = "<group>"; };
		3C648EB22B70EAE500BE9B4C /* Preview Assets.xcassets */ = {isa = PBXFileReference; lastKnownFileType = folder.assetcatalog; path = "Preview Assets.xcassets"; sourceTree = "<group>"; };
		3C648EB92B70ED6E00BE9B4C /* Recipe.swift */ = {isa = PBXFileReference; lastKnownFileType = sourcecode.swift; path = Recipe.swift; sourceTree = "<group>"; };
		3CD06F322B78D7D90012803C /* RecipesListView.swift */ = {isa = PBXFileReference; fileEncoding = 4; lastKnownFileType = sourcecode.swift; path = RecipesListView.swift; sourceTree = "<group>"; };
		3CD06F332B78D7D90012803C /* RecipeCategoryGridView.swift */ = {isa = PBXFileReference; fileEncoding = 4; lastKnownFileType = sourcecode.swift; path = RecipeCategoryGridView.swift; sourceTree = "<group>"; };
		3CD06F342B78D7D90012803C /* RecipeDetailView.swift */ = {isa = PBXFileReference; fileEncoding = 4; lastKnownFileType = sourcecode.swift; path = RecipeDetailView.swift; sourceTree = "<group>"; };
		3CD06F3B2B78D9E60012803C /* ModifyRecipeView.swift */ = {isa = PBXFileReference; lastKnownFileType = sourcecode.swift; path = ModifyRecipeView.swift; sourceTree = "<group>"; };
/* End PBXFileReference section */

/* Begin PBXFrameworksBuildPhase section */
		3C648EA52B70EAE400BE9B4C /* Frameworks */ = {
			isa = PBXFrameworksBuildPhase;
			buildActionMask = 2147483647;
			files = (
			);
			runOnlyForDeploymentPostprocessing = 0;
		};
/* End PBXFrameworksBuildPhase section */

/* Begin PBXGroup section */
		3C2517B32B77841E00910712 /* ViewModels */ = {
			isa = PBXGroup;
			children = (
				3C2517B52B77879D00910712 /* RecipeData.swift */,
				3C2517B92B77919B00910712 /* AppColor.swift */,
			);
			path = ViewModels;
			sourceTree = "<group>";
		};
		3C2517B42B77843000910712 /* Models */ = {
			isa = PBXGroup;
			children = (
				3C648EB92B70ED6E00BE9B4C /* Recipe.swift */,
			);
			path = Models;
			sourceTree = "<group>";
		};
		3C648E9F2B70EAE400BE9B4C = {
			isa = PBXGroup;
			children = (
				3C648EAA2B70EAE400BE9B4C /* Cookcademy */,
				3C648EA92B70EAE400BE9B4C /* Products */,
			);
			sourceTree = "<group>";
		};
		3C648EA92B70EAE400BE9B4C /* Products */ = {
			isa = PBXGroup;
			children = (
				3C648EA82B70EAE400BE9B4C /* Cookcademy.app */,
			);
			name = Products;
			sourceTree = "<group>";
		};
		3C648EAA2B70EAE400BE9B4C /* Cookcademy */ = {
			isa = PBXGroup;
			children = (
				3C2517B42B77843000910712 /* Models */,
				3CD06F312B78D7D90012803C /* Views */,
				3C2517B32B77841E00910712 /* ViewModels */,
				3C648EAB2B70EAE400BE9B4C /* CookcademyApp.swift */,
				3C648EAF2B70EAE500BE9B4C /* Assets.xcassets */,
				3C648EB12B70EAE500BE9B4C /* Preview Content */,
			);
			path = Cookcademy;
			sourceTree = "<group>";
		};
		3C648EB12B70EAE500BE9B4C /* Preview Content */ = {
			isa = PBXGroup;
			children = (
				3C648EB22B70EAE500BE9B4C /* Preview Assets.xcassets */,
			);
			path = "Preview Content";
			sourceTree = "<group>";
		};
		3CD06F312B78D7D90012803C /* Views */ = {
			isa = PBXGroup;
			children = (
				3CD06F392B78D91E0012803C /* ModifyRecipes */,
				3CD06F382B78D90E0012803C /* ExploreRecipes */,
			);
			path = Views;
			sourceTree = "<group>";
		};
		3CD06F382B78D90E0012803C /* ExploreRecipes */ = {
			isa = PBXGroup;
			children = (
				3CD06F322B78D7D90012803C /* RecipesListView.swift */,
				3CD06F332B78D7D90012803C /* RecipeCategoryGridView.swift */,
				3CD06F342B78D7D90012803C /* RecipeDetailView.swift */,
			);
			path = ExploreRecipes;
			sourceTree = "<group>";
		};
		3CD06F392B78D91E0012803C /* ModifyRecipes */ = {
			isa = PBXGroup;
			children = (
				3CD06F3B2B78D9E60012803C /* ModifyRecipeView.swift */,
			);
			name = ModifyRecipes;
			sourceTree = "<group>";
		};
/* End PBXGroup section */

/* Begin PBXNativeTarget section */
		3C648EA72B70EAE400BE9B4C /* Cookcademy */ = {
			isa = PBXNativeTarget;
			buildConfigurationList = 3C648EB62B70EAE500BE9B4C /* Build configuration list for PBXNativeTarget "Cookcademy" */;
			buildPhases = (
				3C648EA42B70EAE400BE9B4C /* Sources */,
				3C648EA52B70EAE400BE9B4C /* Frameworks */,
				3C648EA62B70EAE400BE9B4C /* Resources */,
			);
			buildRules = (
			);
			dependencies = (
			);
			name = Cookcademy;
			productName = Cookcademy;
			productReference = 3C648EA82B70EAE400BE9B4C /* Cookcademy.app */;
			productType = "com.apple.product-type.application";
		};
/* End PBXNativeTarget section */

/* Begin PBXProject section */
		3C648EA02B70EAE400BE9B4C /* Project object */ = {
			isa = PBXProject;
			attributes = {
				BuildIndependentTargetsInParallel = 1;
				LastSwiftUpdateCheck = 1520;
				LastUpgradeCheck = 1520;
				TargetAttributes = {
					3C648EA72B70EAE400BE9B4C = {
						CreatedOnToolsVersion = 15.2;
					};
				};
			};
			buildConfigurationList = 3C648EA32B70EAE400BE9B4C /* Build configuration list for PBXProject "Cookcademy" */;
			compatibilityVersion = "Xcode 14.0";
			developmentRegion = en;
			hasScannedForEncodings = 0;
			knownRegions = (
				en,
				Base,
			);
			mainGroup = 3C648E9F2B70EAE400BE9B4C;
			productRefGroup = 3C648EA92B70EAE400BE9B4C /* Products */;
			projectDirPath = "";
			projectRoot = "";
			targets = (
				3C648EA72B70EAE400BE9B4C /* Cookcademy */,
			);
		};
/* End PBXProject section */

/* Begin PBXResourcesBuildPhase section */
		3C648EA62B70EAE400BE9B4C /* Resources */ = {
			isa = PBXResourcesBuildPhase;
			buildActionMask = 2147483647;
			files = (
				3C648EB32B70EAE500BE9B4C /* Preview Assets.xcassets in Resources */,
				3C648EB02B70EAE500BE9B4C /* Assets.xcassets in Resources */,
			);
			runOnlyForDeploymentPostprocessing = 0;
		};
/* End PBXResourcesBuildPhase section */

/* Begin PBXSourcesBuildPhase section */
		3C648EA42B70EAE400BE9B4C /* Sources */ = {
			isa = PBXSourcesBuildPhase;
			buildActionMask = 2147483647;
			files = (
				3CD06F372B78D7D90012803C /* RecipeDetailView.swift in Sources */,
				3C648EBA2B70ED6E00BE9B4C /* Recipe.swift in Sources */,
				3C2517B62B77879D00910712 /* RecipeData.swift in Sources */,
				3CD06F352B78D7D90012803C /* RecipesListView.swift in Sources */,
				3CD06F3C2B78D9E60012803C /* ModifyRecipeView.swift in Sources */,
				3C648EAC2B70EAE400BE9B4C /* CookcademyApp.swift in Sources */,
				3CD06F362B78D7D90012803C /* RecipeCategoryGridView.swift in Sources */,
				3C2517BA2B77919B00910712 /* AppColor.swift in Sources */,
			);
			runOnlyForDeploymentPostprocessing = 0;
		};
/* End PBXSourcesBuildPhase section */

/* Begin XCBuildConfiguration section */
		3C648EB42B70EAE500BE9B4C /* Debug */ = {
			isa = XCBuildConfiguration;
			buildSettings = {
				ALWAYS_SEARCH_USER_PATHS = NO;
				ASSETCATALOG_COMPILER_GENERATE_SWIFT_ASSET_SYMBOL_EXTENSIONS = YES;
				CLANG_ANALYZER_NONNULL = YES;
				CLANG_ANALYZER_NUMBER_OBJECT_CONVERSION = YES_AGGRESSIVE;
				CLANG_CXX_LANGUAGE_STANDARD = "gnu++20";
				CLANG_ENABLE_MODULES = YES;
				CLANG_ENABLE_OBJC_ARC = YES;
				CLANG_ENABLE_OBJC_WEAK = YES;
				CLANG_WARN_BLOCK_CAPTURE_AUTORELEASING = YES;
				CLANG_WARN_BOOL_CONVERSION = YES;
				CLANG_WARN_COMMA = YES;
				CLANG_WARN_CONSTANT_CONVERSION = YES;
				CLANG_WARN_DEPRECATED_OBJC_IMPLEMENTATIONS = YES;
				CLANG_WARN_DIRECT_OBJC_ISA_USAGE = YES_ERROR;
				CLANG_WARN_DOCUMENTATION_COMMENTS = YES;
				CLANG_WARN_EMPTY_BODY = YES;
				CLANG_WARN_ENUM_CONVERSION = YES;
				CLANG_WARN_INFINITE_RECURSION = YES;
				CLANG_WARN_INT_CONVERSION = YES;
				CLANG_WARN_NON_LITERAL_NULL_CONVERSION = YES;
				CLANG_WARN_OBJC_IMPLICIT_RETAIN_SELF = YES;
				CLANG_WARN_OBJC_LITERAL_CONVERSION = YES;
				CLANG_WARN_OBJC_ROOT_CLASS = YES_ERROR;
				CLANG_WARN_QUOTED_INCLUDE_IN_FRAMEWORK_HEADER = YES;
				CLANG_WARN_RANGE_LOOP_ANALYSIS = YES;
				CLANG_WARN_STRICT_PROTOTYPES = YES;
				CLANG_WARN_SUSPICIOUS_MOVE = YES;
				CLANG_WARN_UNGUARDED_AVAILABILITY = YES_AGGRESSIVE;
				CLANG_WARN_UNREACHABLE_CODE = YES;
				CLANG_WARN__DUPLICATE_METHOD_MATCH = YES;
				COPY_PHASE_STRIP = NO;
				DEBUG_INFORMATION_FORMAT = dwarf;
				ENABLE_STRICT_OBJC_MSGSEND = YES;
				ENABLE_TESTABILITY = YES;
				ENABLE_USER_SCRIPT_SANDBOXING = YES;
				GCC_C_LANGUAGE_STANDARD = gnu17;
				GCC_DYNAMIC_NO_PIC = NO;
				GCC_NO_COMMON_BLOCKS = YES;
				GCC_OPTIMIZATION_LEVEL = 0;
				GCC_PREPROCESSOR_DEFINITIONS = (
					"DEBUG=1",
					"$(inherited)",
				);
				GCC_WARN_64_TO_32_BIT_CONVERSION = YES;
				GCC_WARN_ABOUT_RETURN_TYPE = YES_ERROR;
				GCC_WARN_UNDECLARED_SELECTOR = YES;
				GCC_WARN_UNINITIALIZED_AUTOS = YES_AGGRESSIVE;
				GCC_WARN_UNUSED_FUNCTION = YES;
				GCC_WARN_UNUSED_VARIABLE = YES;
				IPHONEOS_DEPLOYMENT_TARGET = 17.2;
				LOCALIZATION_PREFERS_STRING_CATALOGS = YES;
				MTL_ENABLE_DEBUG_INFO = INCLUDE_SOURCE;
				MTL_FAST_MATH = YES;
				ONLY_ACTIVE_ARCH = YES;
				SDKROOT = iphoneos;
				SWIFT_ACTIVE_COMPILATION_CONDITIONS = "DEBUG $(inherited)";
				SWIFT_OPTIMIZATION_LEVEL = "-Onone";
			};
			name = Debug;
		};
		3C648EB52B70EAE500BE9B4C /* Release */ = {
			isa = XCBuildConfiguration;
			buildSettings = {
				ALWAYS_SEARCH_USER_PATHS = NO;
				ASSETCATALOG_COMPILER_GENERATE_SWIFT_ASSET_SYMBOL_EXTENSIONS = YES;
				CLANG_ANALYZER_NONNULL = YES;
				CLANG_ANALYZER_NUMBER_OBJECT_CONVERSION = YES_AGGRESSIVE;
				CLANG_CXX_LANGUAGE_STANDARD = "gnu++20";
				CLANG_ENABLE_MODULES = YES;
				CLANG_ENABLE_OBJC_ARC = YES;
				CLANG_ENABLE_OBJC_WEAK = YES;
				CLANG_WARN_BLOCK_CAPTURE_AUTORELEASING = YES;
				CLANG_WARN_BOOL_CONVERSION = YES;
				CLANG_WARN_COMMA = YES;
				CLANG_WARN_CONSTANT_CONVERSION = YES;
				CLANG_WARN_DEPRECATED_OBJC_IMPLEMENTATIONS = YES;
				CLANG_WARN_DIRECT_OBJC_ISA_USAGE = YES_ERROR;
				CLANG_WARN_DOCUMENTATION_COMMENTS = YES;
				CLANG_WARN_EMPTY_BODY = YES;
				CLANG_WARN_ENUM_CONVERSION = YES;
				CLANG_WARN_INFINITE_RECURSION = YES;
				CLANG_WARN_INT_CONVERSION = YES;
				CLANG_WARN_NON_LITERAL_NULL_CONVERSION = YES;
				CLANG_WARN_OBJC_IMPLICIT_RETAIN_SELF = YES;
				CLANG_WARN_OBJC_LITERAL_CONVERSION = YES;
				CLANG_WARN_OBJC_ROOT_CLASS = YES_ERROR;
				CLANG_WARN_QUOTED_INCLUDE_IN_FRAMEWORK_HEADER = YES;
				CLANG_WARN_RANGE_LOOP_ANALYSIS = YES;
				CLANG_WARN_STRICT_PROTOTYPES = YES;
				CLANG_WARN_SUSPICIOUS_MOVE = YES;
				CLANG_WARN_UNGUARDED_AVAILABILITY = YES_AGGRESSIVE;
				CLANG_WARN_UNREACHABLE_CODE = YES;
				CLANG_WARN__DUPLICATE_METHOD_MATCH = YES;
				COPY_PHASE_STRIP = NO;
				DEBUG_INFORMATION_FORMAT = "dwarf-with-dsym";
				ENABLE_NS_ASSERTIONS = NO;
				ENABLE_STRICT_OBJC_MSGSEND = YES;
				ENABLE_USER_SCRIPT_SANDBOXING = YES;
				GCC_C_LANGUAGE_STANDARD = gnu17;
				GCC_NO_COMMON_BLOCKS = YES;
				GCC_WARN_64_TO_32_BIT_CONVERSION = YES;
				GCC_WARN_ABOUT_RETURN_TYPE = YES_ERROR;
				GCC_WARN_UNDECLARED_SELECTOR = YES;
				GCC_WARN_UNINITIALIZED_AUTOS = YES_AGGRESSIVE;
				GCC_WARN_UNUSED_FUNCTION = YES;
				GCC_WARN_UNUSED_VARIABLE = YES;
				IPHONEOS_DEPLOYMENT_TARGET = 17.2;
				LOCALIZATION_PREFERS_STRING_CATALOGS = YES;
				MTL_ENABLE_DEBUG_INFO = NO;
				MTL_FAST_MATH = YES;
				SDKROOT = iphoneos;
				SWIFT_COMPILATION_MODE = wholemodule;
				VALIDATE_PRODUCT = YES;
			};
			name = Release;
		};
		3C648EB72B70EAE500BE9B4C /* Debug */ = {
			isa = XCBuildConfiguration;
			buildSettings = {
				ASSETCATALOG_COMPILER_APPICON_NAME = AppIcon;
				ASSETCATALOG_COMPILER_GLOBAL_ACCENT_COLOR_NAME = AccentColor;
				CODE_SIGN_STYLE = Automatic;
				CURRENT_PROJECT_VERSION = 1;
				DEVELOPMENT_ASSET_PATHS = "\"Cookcademy/Preview Content\"";
				DEVELOPMENT_TEAM = RVV859V8MS;
				ENABLE_PREVIEWS = YES;
				GENERATE_INFOPLIST_FILE = YES;
				INFOPLIST_KEY_UIApplicationSceneManifest_Generation = YES;
				INFOPLIST_KEY_UIApplicationSupportsIndirectInputEvents = YES;
				INFOPLIST_KEY_UILaunchScreen_Generation = YES;
				INFOPLIST_KEY_UISupportedInterfaceOrientations_iPad = "UIInterfaceOrientationPortrait UIInterfaceOrientationPortraitUpsideDown UIInterfaceOrientationLandscapeLeft UIInterfaceOrientationLandscapeRight";
				INFOPLIST_KEY_UISupportedInterfaceOrientations_iPhone = "UIInterfaceOrientationPortrait UIInterfaceOrientationLandscapeLeft UIInterfaceOrientationLandscapeRight";
				LD_RUNPATH_SEARCH_PATHS = (
					"$(inherited)",
					"@executable_path/Frameworks",
				);
				MARKETING_VERSION = 1.0;
				PRODUCT_BUNDLE_IDENTIFIER = co.alishafiei.Cookcademy;
				PRODUCT_NAME = "$(TARGET_NAME)";
				SWIFT_EMIT_LOC_STRINGS = YES;
				SWIFT_VERSION = 5.0;
				TARGETED_DEVICE_FAMILY = "1,2";
			};
			name = Debug;
		};
		3C648EB82B70EAE500BE9B4C /* Release */ = {
			isa = XCBuildConfiguration;
			buildSettings = {
				ASSETCATALOG_COMPILER_APPICON_NAME = AppIcon;
				ASSETCATALOG_COMPILER_GLOBAL_ACCENT_COLOR_NAME = AccentColor;
				CODE_SIGN_STYLE = Automatic;
				CURRENT_PROJECT_VERSION = 1;
				DEVELOPMENT_ASSET_PATHS = "\"Cookcademy/Preview Content\"";
				DEVELOPMENT_TEAM = RVV859V8MS;
				ENABLE_PREVIEWS = YES;
				GENERATE_INFOPLIST_FILE = YES;
				INFOPLIST_KEY_UIApplicationSceneManifest_Generation = YES;
				INFOPLIST_KEY_UIApplicationSupportsIndirectInputEvents = YES;
				INFOPLIST_KEY_UILaunchScreen_Generation = YES;
				INFOPLIST_KEY_UISupportedInterfaceOrientations_iPad = "UIInterfaceOrientationPortrait UIInterfaceOrientationPortraitUpsideDown UIInterfaceOrientationLandscapeLeft UIInterfaceOrientationLandscapeRight";
				INFOPLIST_KEY_UISupportedInterfaceOrientations_iPhone = "UIInterfaceOrientationPortrait UIInterfaceOrientationLandscapeLeft UIInterfaceOrientationLandscapeRight";
				LD_RUNPATH_SEARCH_PATHS = (
					"$(inherited)",
					"@executable_path/Frameworks",
				);
				MARKETING_VERSION = 1.0;
				PRODUCT_BUNDLE_IDENTIFIER = co.alishafiei.Cookcademy;
				PRODUCT_NAME = "$(TARGET_NAME)";
				SWIFT_EMIT_LOC_STRINGS = YES;
				SWIFT_VERSION = 5.0;
				TARGETED_DEVICE_FAMILY = "1,2";
			};
			name = Release;
		};
/* End XCBuildConfiguration section */

/* Begin XCConfigurationList section */
		3C648EA32B70EAE400BE9B4C /* Build configuration list for PBXProject "Cookcademy" */ = {
			isa = XCConfigurationList;
			buildConfigurations = (
				3C648EB42B70EAE500BE9B4C /* Debug */,
				3C648EB52B70EAE500BE9B4C /* Release */,
			);
			defaultConfigurationIsVisible = 0;
			defaultConfigurationName = Release;
		};
		3C648EB62B70EAE500BE9B4C /* Build configuration list for PBXNativeTarget "Cookcademy" */ = {
			isa = XCConfigurationList;
			buildConfigurations = (
				3C648EB72B70EAE500BE9B4C /* Debug */,
				3C648EB82B70EAE500BE9B4C /* Release */,
			);
			defaultConfigurationIsVisible = 0;
			defaultConfigurationName = Release;
		};
/* End XCConfigurationList section */
	};
	rootObject = 3C648EA02B70EAE400BE9B4C /* Project object */;
}
